<?xml version="1.0" encoding="utf-8"?>
<Project ToolsVersion="4.0" xmlns="http://schemas.microsoft.com/developer/msbuild/2003">
  <ItemGroup>
    <Filter Include="Source Files">
      <UniqueIdentifier>{4FC737F1-C7A5-4376-A066-2A32D752A2FF}</UniqueIdentifier>
      <Extensions>cpp;c;cc;cxx;c++;cppm;ixx;def;odl;idl;hpj;bat;asm;asmx</Extensions>
    </Filter>
    <Filter Include="Header Files">
      <UniqueIdentifier>{93995380-89BD-4b04-88EB-625FBE52EBFB}</UniqueIdentifier>
      <Extensions>h;hh;hpp;hxx;h++;hm;inl;inc;ipp;xsd</Extensions>
    </Filter>
    <Filter Include="Resource Files">
      <UniqueIdentifier>{67DA6AB6-F800-4c08-8B7A-83BB121AAD01}</UniqueIdentifier>
      <Extensions>rc;ico;cur;bmp;dlg;rc2;rct;bin;rgs;gif;jpg;jpeg;jpe;resx;tiff;tif;png;wav;mfcribbon-ms</Extensions>
    </Filter>
  </ItemGroup>
  <ItemGroup>
    <ClCompile Include="main.cpp">
      <Filter>Source Files</Filter>
    </ClCompile>
    <ClCompile Include="Game.cpp">
      <Filter>Source Files</Filter>
    </ClCompile>
    <ClCompile Include="SceneObject.cpp">
      <Filter>Source Files</Filter>
    </ClCompile>
    <ClCompile Include="SpriteObject.cpp">
      <Filter>Source Files</Filter>
    </ClCompile>
  </ItemGroup>
  <ItemGroup>
    <None Include="packages.config" />
  </ItemGroup>
  <ItemGroup>
    <ClInclude Include="..\packages\raylib.4.0.0.6\build\native\include\AudioDevice.hpp">
      <Filter>Resource Files</Filter>
    </ClInclude>
    <ClInclude Include="..\packages\raylib.4.0.0.6\build\native\include\AudioStream.hpp">
      <Filter>Resource Files</Filter>
    </ClInclude>
    <ClInclude Include="..\packages\raylib.4.0.0.6\build\native\include\BoundingBox.hpp">
      <Filter>Resource Files</Filter>
    </ClInclude>
    <ClInclude Include="..\packages\raylib.4.0.0.6\build\native\include\Camera2D.hpp">
      <Filter>Resource Files</Filter>
    </ClInclude>
    <ClInclude Include="..\packages\raylib.4.0.0.6\build\native\include\Camera3D.hpp">
      <Filter>Resource Files</Filter>
    </ClInclude>
    <ClInclude Include="..\packages\raylib.4.0.0.6\build\native\include\Color.hpp">
      <Filter>Resource Files</Filter>
    </ClInclude>
    <ClInclude Include="..\packages\raylib.4.0.0.6\build\native\include\extras\easings.h">
      <Filter>Resource Files</Filter>
    </ClInclude>
    <ClInclude Include="..\packages\raylib.4.0.0.6\build\native\include\extras\gui_textbox_extended.h">
      <Filter>Resource Files</Filter>
    </ClInclude>
    <ClInclude Include="..\packages\raylib.4.0.0.6\build\native\include\extras\physac.h">
      <Filter>Resource Files</Filter>
    </ClInclude>
    <ClInclude Include="..\packages\raylib.4.0.0.6\build\native\include\extras\rlights.h">
      <Filter>Resource Files</Filter>
    </ClInclude>
    <ClInclude Include="..\packages\raylib.4.0.0.6\build\native\include\extras\rmem.h">
      <Filter>Resource Files</Filter>
    </ClInclude>
    <ClInclude Include="..\packages\raylib.4.0.0.6\build\native\include\extras\rpng.h">
      <Filter>Resource Files</Filter>
    </ClInclude>
    <ClInclude Include="..\packages\raylib.4.0.0.6\build\native\include\extras\rres-raylib.h">
      <Filter>Resource Files</Filter>
    </ClInclude>
    <ClInclude Include="..\packages\raylib.4.0.0.6\build\native\include\extras\rres.h">
      <Filter>Resource Files</Filter>
    </ClInclude>
    <ClInclude Include="..\packages\raylib.4.0.0.6\build\native\include\Font.hpp">
      <Filter>Resource Files</Filter>
    </ClInclude>
    <ClInclude Include="..\packages\raylib.4.0.0.6\build\native\include\Functions.hpp">
      <Filter>Resource Files</Filter>
    </ClInclude>
    <ClInclude Include="..\packages\raylib.4.0.0.6\build\native\include\Gamepad.hpp">
      <Filter>Resource Files</Filter>
    </ClInclude>
    <ClInclude Include="..\packages\raylib.4.0.0.6\build\native\include\Image.hpp">
      <Filter>Resource Files</Filter>
    </ClInclude>
    <ClInclude Include="..\packages\raylib.4.0.0.6\build\native\include\Material.hpp">
      <Filter>Resource Files</Filter>
    </ClInclude>
    <ClInclude Include="..\packages\raylib.4.0.0.6\build\native\include\Matrix.hpp">
      <Filter>Resource Files</Filter>
    </ClInclude>
    <ClInclude Include="..\packages\raylib.4.0.0.6\build\native\include\Mesh.hpp">
      <Filter>Resource Files</Filter>
    </ClInclude>
    <ClInclude Include="..\packages\raylib.4.0.0.6\build\native\include\Model.hpp">
      <Filter>Resource Files</Filter>
    </ClInclude>
    <ClInclude Include="..\packages\raylib.4.0.0.6\build\native\include\ModelAnimation.hpp">
      <Filter>Resource Files</Filter>
    </ClInclude>
    <ClInclude Include="..\packages\raylib.4.0.0.6\build\native\include\Mouse.hpp">
      <Filter>Resource Files</Filter>
    </ClInclude>
    <ClInclude Include="..\packages\raylib.4.0.0.6\build\native\include\Music.hpp">
      <Filter>Resource Files</Filter>
    </ClInclude>
    <ClInclude Include="..\packages\raylib.4.0.0.6\build\native\include\physac.hpp">
      <Filter>Resource Files</Filter>
    </ClInclude>
    <ClInclude Include="..\packages\raylib.4.0.0.6\build\native\include\Physics.hpp">
      <Filter>Resource Files</Filter>
    </ClInclude>
    <ClInclude Include="..\packages\raylib.4.0.0.6\build\native\include\Ray.hpp">
      <Filter>Resource Files</Filter>
    </ClInclude>
    <ClInclude Include="..\packages\raylib.4.0.0.6\build\native\include\RayCollision.hpp">
      <Filter>Resource Files</Filter>
    </ClInclude>
    <ClInclude Include="..\packages\raylib.4.0.0.6\build\native\include\raygui.h">
      <Filter>Resource Files</Filter>
    </ClInclude>
    <ClInclude Include="..\packages\raylib.4.0.0.6\build\native\include\raylib-cpp-utils.hpp">
      <Filter>Resource Files</Filter>
    </ClInclude>
    <ClInclude Include="..\packages\raylib.4.0.0.6\build\native\include\raylib-cpp.hpp">
      <Filter>Resource Files</Filter>
    </ClInclude>
    <ClInclude Include="..\packages\raylib.4.0.0.6\build\native\include\raylib.h">
      <Filter>Resource Files</Filter>
    </ClInclude>
    <ClInclude Include="..\packages\raylib.4.0.0.6\build\native\include\raylib.hpp">
      <Filter>Resource Files</Filter>
    </ClInclude>
    <ClInclude Include="..\packages\raylib.4.0.0.6\build\native\include\RaylibException.hpp">
      <Filter>Resource Files</Filter>
    </ClInclude>
    <ClInclude Include="..\packages\raylib.4.0.0.6\build\native\include\raymath.h">
      <Filter>Resource Files</Filter>
    </ClInclude>
    <ClInclude Include="..\packages\raylib.4.0.0.6\build\native\include\raymath.hpp">
      <Filter>Resource Files</Filter>
    </ClInclude>
    <ClInclude Include="..\packages\raylib.4.0.0.6\build\native\include\Rectangle.hpp">
      <Filter>Resource Files</Filter>
    </ClInclude>
    <ClInclude Include="..\packages\raylib.4.0.0.6\build\native\include\RenderTexture.hpp">
      <Filter>Resource Files</Filter>
    </ClInclude>
    <ClInclude Include="..\packages\raylib.4.0.0.6\build\native\include\rlgl.h">
      <Filter>Resource Files</Filter>
    </ClInclude>
    <ClInclude Include="..\packages\raylib.4.0.0.6\build\native\include\Shader.hpp">
      <Filter>Resource Files</Filter>
    </ClInclude>
    <ClInclude Include="..\packages\raylib.4.0.0.6\build\native\include\Sound.hpp">
      <Filter>Resource Files</Filter>
    </ClInclude>
    <ClInclude Include="..\packages\raylib.4.0.0.6\build\native\include\Texture.hpp">
      <Filter>Resource Files</Filter>
    </ClInclude>
    <ClInclude Include="..\packages\raylib.4.0.0.6\build\native\include\Vector2.hpp">
      <Filter>Resource Files</Filter>
    </ClInclude>
    <ClInclude Include="..\packages\raylib.4.0.0.6\build\native\include\Vector3.hpp">
      <Filter>Resource Files</Filter>
    </ClInclude>
    <ClInclude Include="..\packages\raylib.4.0.0.6\build\native\include\Vector4.hpp">
      <Filter>Resource Files</Filter>
    </ClInclude>
    <ClInclude Include="..\packages\raylib.4.0.0.6\build\native\include\VrStereoConfig.hpp">
      <Filter>Resource Files</Filter>
    </ClInclude>
    <ClInclude Include="..\packages\raylib.4.0.0.6\build\native\include\Wave.hpp">
      <Filter>Resource Files</Filter>
    </ClInclude>
    <ClInclude Include="..\packages\raylib.4.0.0.6\build\native\include\Window.hpp">
      <Filter>Resource Files</Filter>
    </ClInclude>
    <ClInclude Include="Game.h">
      <Filter>Header Files</Filter>
    </ClInclude>
    <ClInclude Include="SceneObject.h">
      <Filter>Header Files</Filter>
    </ClInclude>
    <ClInclude Include="SpriteObject.h">
      <Filter>Header Files</Filter>
    </ClInclude>
  </ItemGroup>
</Project>